
Microsoft Visual Studio Solution File, Format Version 12.00
# Visual Studio Version 17
VisualStudioVersion = 17.5.33627.172
MinimumVisualStudioVersion = 10.0.40219.1
Project("{9A19103F-16F7-4668-BE54-9A1E7A4F7556}") = "LibraryWeb", "LibraryWeb\LibraryWeb.csproj", "{D3E8D976-9083-400D-AD9A-5934F6DDA0BD}"
EndProject
Project("{FAE04EC0-301F-11D3-BF4B-00C04F79EFBC}") = "Library.DataAcess", "Library.DataAcess\Library.DataAcess.csproj", "{DF6FA3A4-62A2-4207-AD62-29034908C9D3}"
EndProject
Project("{FAE04EC0-301F-11D3-BF4B-00C04F79EFBC}") = "Library.Models", "Library.Models\Library.Models.csproj", "{06145BB9-F996-4735-B2C7-73D7A36EF67A}"
EndProject
Project("{FAE04EC0-301F-11D3-BF4B-00C04F79EFBC}") = "Library.Utility", "Library.Utility\Library.Utility.csproj", "{944B618A-264F-4A56-BBFE-02D2C348FAFA}"
EndProject
Global
	GlobalSection(SolutionConfigurationPlatforms) = preSolution
		Debug|Any CPU = Debug|Any CPU
		Release|Any CPU = Release|Any CPU
	EndGlobalSection
	GlobalSection(ProjectConfigurationPlatforms) = postSolution
		{D3E8D976-9083-400D-AD9A-5934F6DDA0BD}.Debug|Any CPU.ActiveCfg = Debug|Any CPU
		{D3E8D976-9083-400D-AD9A-5934F6DDA0BD}.Debug|Any CPU.Build.0 = Debug|Any CPU
		{D3E8D976-9083-400D-AD9A-5934F6DDA0BD}.Release|Any CPU.ActiveCfg = Release|Any CPU
		{D3E8D976-9083-400D-AD9A-5934F6DDA0BD}.Release|Any CPU.Build.0 = Release|Any CPU
		{DF6FA3A4-62A2-4207-AD62-29034908C9D3}.Debug|Any CPU.ActiveCfg = Debug|Any CPU
		{DF6FA3A4-62A2-4207-AD62-29034908C9D3}.Debug|Any CPU.Build.0 = Debug|Any CPU
		{DF6FA3A4-62A2-4207-AD62-29034908C9D3}.Release|Any CPU.ActiveCfg = Release|Any CPU
		{DF6FA3A4-62A2-4207-AD62-29034908C9D3}.Release|Any CPU.Build.0 = Release|Any CPU
		{06145BB9-F996-4735-B2C7-73D7A36EF67A}.Debug|Any CPU.ActiveCfg = Debug|Any CPU
		{06145BB9-F996-4735-B2C7-73D7A36EF67A}.Debug|Any CPU.Build.0 = Debug|Any CPU
		{06145BB9-F996-4735-B2C7-73D7A36EF67A}.Release|Any CPU.ActiveCfg = Release|Any CPU
		{06145BB9-F996-4735-B2C7-73D7A36EF67A}.Release|Any CPU.Build.0 = Release|Any CPU
		{944B618A-264F-4A56-BBFE-02D2C348FAFA}.Debug|Any CPU.ActiveCfg = Debug|Any CPU
		{944B618A-264F-4A56-BBFE-02D2C348FAFA}.Debug|Any CPU.Build.0 = Debug|Any CPU
		{944B618A-264F-4A56-BBFE-02D2C348FAFA}.Release|Any CPU.ActiveCfg = Release|Any CPU
		{944B618A-264F-4A56-BBFE-02D2C348FAFA}.Release|Any CPU.Build.0 = Release|Any CPU
	EndGlobalSection
	GlobalSection(SolutionProperties) = preSolution
		HideSolutionNode = FALSE
	EndGlobalSection
	GlobalSection(ExtensibilityGlobals) = postSolution
		SolutionGuid = {94BBDA02-79B7-4AAE-A2D2-4881876B69DB}
	EndGlobalSection
EndGlobal
